{
  "version": 4,
  "terraform_version": "1.4.5",
  "serial": 57,
  "lineage": "60986988-449c-920c-68e6-0f8aea523b27",
  "outputs": {},
  "resources": [
    {
      "mode": "data",
      "type": "azurerm_client_config",
      "name": "current",
      "provider": "provider[\"registry.terraform.io/hashicorp/azurerm\"]",
      "instances": [
        {
          "schema_version": 0,
          "attributes": {
            "client_id": "04b07795-8ddb-461a-bbee-02f9e1bf7b46",
            "id": "Y2xpZW50Q29uZmlncy9jbGllbnRJZD0wNGIwNzc5NS04ZGRiLTQ2MWEtYmJlZS0wMmY5ZTFiZjdiNDY7b2JqZWN0SWQ9ZDM1YzNmNTAtYzNiYi00NTNjLWIwMzYtM2UxZGRiOTAyNDgwO3N1YnNjcmlwdGlvbklkPTRkYzg1MzQ0LWRkMmUtNGY0ZC05MjE5LWJmZDBhMGY2MDA2NTt0ZW5hbnRJZD1jOThjZjY1Mi0zMTNmLTRlMWItODRjOS1jMDIxYjQwMDQ3ODM=",
            "object_id": "d35c3f50-c3bb-453c-b036-3e1ddb902480",
            "subscription_id": "4dc85344-dd2e-4f4d-9219-bfd0a0f60065",
            "tenant_id": "c98cf652-313f-4e1b-84c9-c021b4004783",
            "timeouts": null
          },
          "sensitive_attributes": []
        }
      ]
    },
    {
      "mode": "managed",
      "type": "azurerm_app_configuration",
      "name": "apcfsa",
      "provider": "provider[\"registry.terraform.io/hashicorp/azurerm\"]",
      "instances": [
        {
          "schema_version": 0,
          "attributes": {
            "encryption": [],
            "endpoint": "https://fsa-app-config.azconfig.io",
            "id": "/subscriptions/4dc85344-dd2e-4f4d-9219-bfd0a0f60065/resourceGroups/APP-FSA/providers/Microsoft.AppConfiguration/configurationStores/fsa-app-config",
            "identity": [],
            "local_auth_enabled": true,
            "location": "eastus",
            "name": "fsa-app-config",
            "primary_read_key": [
              {
                "connection_string": "Endpoint=https://fsa-app-config.azconfig.io;Id=LtRH-l0-s0:TlmCZiP7sOscdbJRIGM6;Secret=iX50v+6JICJjxqLJI+tHupOgy1xoVSGhtawKsovs39U=",
                "id": "LtRH-l0-s0:TlmCZiP7sOscdbJRIGM6",
                "secret": "iX50v+6JICJjxqLJI+tHupOgy1xoVSGhtawKsovs39U="
              }
            ],
            "primary_write_key": [
              {
                "connection_string": "Endpoint=https://fsa-app-config.azconfig.io;Id=ovpl-l0-s0:juWJDsHtXq37xTffKoCc;Secret=0l//ywdUmHvJMTTmtkDLVz14lRNMCh1jGBFr75Igb5U=",
                "id": "ovpl-l0-s0:juWJDsHtXq37xTffKoCc",
                "secret": "0l//ywdUmHvJMTTmtkDLVz14lRNMCh1jGBFr75Igb5U="
              }
            ],
            "public_network_access": "",
            "purge_protection_enabled": false,
            "resource_group_name": "APP-FSA",
            "secondary_read_key": [
              {
                "connection_string": "Endpoint=https://fsa-app-config.azconfig.io;Id=/8Gw-l0-s0:vUqpPZqXKPPno8ZUu2Gr;Secret=x0EVij0n1YPYGUkzKg2D/yKlcsDP/LFwhK5q6g0jeTk=",
                "id": "/8Gw-l0-s0:vUqpPZqXKPPno8ZUu2Gr",
                "secret": "x0EVij0n1YPYGUkzKg2D/yKlcsDP/LFwhK5q6g0jeTk="
              }
            ],
            "secondary_write_key": [
              {
                "connection_string": "Endpoint=https://fsa-app-config.azconfig.io;Id=+SSw-l0-s0:jRLj31mFn/7fDPePDW7U;Secret=Sn8PAuKZ2pdw6YtD15MSDjRe81eL2Re4ZMYFbsyZVC0=",
                "id": "+SSw-l0-s0:jRLj31mFn/7fDPePDW7U",
                "secret": "Sn8PAuKZ2pdw6YtD15MSDjRe81eL2Re4ZMYFbsyZVC0="
              }
            ],
            "sku": "free",
            "soft_delete_retention_days": 0,
            "tags": null,
            "timeouts": null
          },
          "sensitive_attributes": [],
          "private": "eyJlMmJmYjczMC1lY2FhLTExZTYtOGY4OC0zNDM2M2JjN2M0YzAiOnsiY3JlYXRlIjoxODAwMDAwMDAwMDAwLCJkZWxldGUiOjE4MDAwMDAwMDAwMDAsInJlYWQiOjMwMDAwMDAwMDAwMCwidXBkYXRlIjoxODAwMDAwMDAwMDAwfX0=",
          "dependencies": [
            "azurerm_resource_group.argapp"
          ]
        }
      ]
    },
    {
      "mode": "managed",
      "type": "azurerm_eventhub",
      "name": "aehfsa",
      "provider": "provider[\"registry.terraform.io/hashicorp/azurerm\"]",
      "instances": [
        {
          "schema_version": 0,
          "attributes": {
            "capture_description": [],
            "id": "/subscriptions/4dc85344-dd2e-4f4d-9219-bfd0a0f60065/resourceGroups/APP-FSA/providers/Microsoft.EventHub/namespaces/fsa-namespae-eventhub/eventhubs/fsa-eventhub",
            "message_retention": 1,
            "name": "fsa-eventhub",
            "namespace_name": "fsa-namespae-eventhub",
            "partition_count": 2,
            "partition_ids": [
              "0",
              "1"
            ],
            "resource_group_name": "APP-FSA",
            "status": "Active",
            "timeouts": null
          },
          "sensitive_attributes": [],
          "private": "eyJlMmJmYjczMC1lY2FhLTExZTYtOGY4OC0zNDM2M2JjN2M0YzAiOnsiY3JlYXRlIjoxODAwMDAwMDAwMDAwLCJkZWxldGUiOjE4MDAwMDAwMDAwMDAsInJlYWQiOjMwMDAwMDAwMDAwMCwidXBkYXRlIjoxODAwMDAwMDAwMDAwfX0=",
          "dependencies": [
            "azurerm_eventhub_namespace.aenfsa",
            "azurerm_resource_group.argapp"
          ]
        }
      ]
    },
    {
      "mode": "managed",
      "type": "azurerm_eventhub_namespace",
      "name": "aenfsa",
      "provider": "provider[\"registry.terraform.io/hashicorp/azurerm\"]",
      "instances": [
        {
          "schema_version": 0,
          "attributes": {
            "auto_inflate_enabled": false,
            "capacity": 1,
            "dedicated_cluster_id": "",
            "default_primary_connection_string": "Endpoint=sb://fsa-namespae-eventhub.servicebus.windows.net/;SharedAccessKeyName=RootManageSharedAccessKey;SharedAccessKey=DfH4Prx6m4+0QHhKQqmz4iqT+TWfUo6OX+AEhKCOXgg=",
            "default_primary_connection_string_alias": "",
            "default_primary_key": "DfH4Prx6m4+0QHhKQqmz4iqT+TWfUo6OX+AEhKCOXgg=",
            "default_secondary_connection_string": "Endpoint=sb://fsa-namespae-eventhub.servicebus.windows.net/;SharedAccessKeyName=RootManageSharedAccessKey;SharedAccessKey=bi9S+Uu0tF11BicYQb5Ws2DC1NHCwjqP6+AEhPrCjbc=",
            "default_secondary_connection_string_alias": "",
            "default_secondary_key": "bi9S+Uu0tF11BicYQb5Ws2DC1NHCwjqP6+AEhPrCjbc=",
            "id": "/subscriptions/4dc85344-dd2e-4f4d-9219-bfd0a0f60065/resourceGroups/APP-FSA/providers/Microsoft.EventHub/namespaces/fsa-namespae-eventhub",
            "identity": [],
            "local_authentication_enabled": true,
            "location": "eastus",
            "maximum_throughput_units": 0,
            "minimum_tls_version": "1.2",
            "name": "fsa-namespae-eventhub",
            "network_rulesets": [
              {
                "default_action": "Allow",
                "ip_rule": [],
                "public_network_access_enabled": true,
                "trusted_service_access_enabled": false,
                "virtual_network_rule": []
              }
            ],
            "public_network_access_enabled": true,
            "resource_group_name": "APP-FSA",
            "sku": "Basic",
            "tags": null,
            "timeouts": null,
            "zone_redundant": false
          },
          "sensitive_attributes": [],
          "private": "eyJlMmJmYjczMC1lY2FhLTExZTYtOGY4OC0zNDM2M2JjN2M0YzAiOnsiY3JlYXRlIjoxODAwMDAwMDAwMDAwLCJkZWxldGUiOjE4MDAwMDAwMDAwMDAsInJlYWQiOjMwMDAwMDAwMDAwMCwidXBkYXRlIjoxODAwMDAwMDAwMDAwfX0=",
          "dependencies": [
            "azurerm_resource_group.argapp"
          ]
        }
      ]
    },
    {
      "mode": "managed",
      "type": "azurerm_key_vault",
      "name": "akvfsa",
      "provider": "provider[\"registry.terraform.io/hashicorp/azurerm\"]",
      "instances": [
        {
          "schema_version": 2,
          "attributes": {
            "access_policy": [],
            "contact": [],
            "enable_rbac_authorization": false,
            "enabled_for_deployment": false,
            "enabled_for_disk_encryption": true,
            "enabled_for_template_deployment": false,
            "id": "/subscriptions/4dc85344-dd2e-4f4d-9219-bfd0a0f60065/resourceGroups/APP-FSA/providers/Microsoft.KeyVault/vaults/fsa-keyvault",
            "location": "eastus",
            "name": "fsa-keyvault",
            "network_acls": [
              {
                "bypass": "AzureServices",
                "default_action": "Allow",
                "ip_rules": [],
                "virtual_network_subnet_ids": []
              }
            ],
            "public_network_access_enabled": true,
            "purge_protection_enabled": false,
            "resource_group_name": "APP-FSA",
            "sku_name": "standard",
            "soft_delete_retention_days": 90,
            "tags": null,
            "tenant_id": "c98cf652-313f-4e1b-84c9-c021b4004783",
            "timeouts": null,
            "vault_uri": "https://fsa-keyvault.vault.azure.net/"
          },
          "sensitive_attributes": [],
          "private": "eyJlMmJmYjczMC1lY2FhLTExZTYtOGY4OC0zNDM2M2JjN2M0YzAiOnsiY3JlYXRlIjoxODAwMDAwMDAwMDAwLCJkZWxldGUiOjE4MDAwMDAwMDAwMDAsInJlYWQiOjMwMDAwMDAwMDAwMCwidXBkYXRlIjoxODAwMDAwMDAwMDAwfSwic2NoZW1hX3ZlcnNpb24iOiIyIn0=",
          "dependencies": [
            "azurerm_resource_group.argapp",
            "data.azurerm_client_config.current"
          ]
        }
      ]
    },
    {
      "mode": "managed",
      "type": "azurerm_kubernetes_cluster",
      "name": "cluster",
      "provider": "provider[\"registry.terraform.io/hashicorp/azurerm\"]",
      "instances": []
    },
    {
      "mode": "managed",
      "type": "azurerm_network_security_group",
      "name": "ansgfsa",
      "provider": "provider[\"registry.terraform.io/hashicorp/azurerm\"]",
      "instances": [
        {
          "schema_version": 0,
          "attributes": {
            "id": "/subscriptions/4dc85344-dd2e-4f4d-9219-bfd0a0f60065/resourceGroups/COMMON-FSA/providers/Microsoft.Network/networkSecurityGroups/fsa-nsg",
            "location": "eastus",
            "name": "fsa-nsg",
            "resource_group_name": "COMMON-FSA",
            "security_rule": [
              {
                "access": "Allow",
                "description": "",
                "destination_address_prefix": "*",
                "destination_address_prefixes": [],
                "destination_application_security_group_ids": [],
                "destination_port_range": "22",
                "destination_port_ranges": [],
                "direction": "Inbound",
                "name": "allow_ssh",
                "priority": 100,
                "protocol": "Tcp",
                "source_address_prefix": "*",
                "source_address_prefixes": [],
                "source_application_security_group_ids": [],
                "source_port_range": "*",
                "source_port_ranges": []
              }
            ],
            "tags": null,
            "timeouts": null
          },
          "sensitive_attributes": [],
          "private": "eyJlMmJmYjczMC1lY2FhLTExZTYtOGY4OC0zNDM2M2JjN2M0YzAiOnsiY3JlYXRlIjoxODAwMDAwMDAwMDAwLCJkZWxldGUiOjE4MDAwMDAwMDAwMDAsInJlYWQiOjMwMDAwMDAwMDAwMCwidXBkYXRlIjoxODAwMDAwMDAwMDAwfX0=",
          "dependencies": [
            "azurerm_resource_group.argcommon"
          ]
        }
      ]
    },
    {
      "mode": "managed",
      "type": "azurerm_postgresql_database",
      "name": "apdbfsa",
      "provider": "provider[\"registry.terraform.io/hashicorp/azurerm\"]",
      "instances": []
    },
    {
      "mode": "managed",
      "type": "azurerm_postgresql_server",
      "name": "apsfsa",
      "provider": "provider[\"registry.terraform.io/hashicorp/azurerm\"]",
      "instances": [
        {
          "schema_version": 1,
          "attributes": {
            "administrator_login": "fsaadmin",
            "administrator_login_password": "S1rl@.1998",
            "auto_grow_enabled": true,
            "backup_retention_days": 7,
            "create_mode": "Default",
            "creation_source_server_id": null,
            "fqdn": "fsa-postgresql-server.postgres.database.azure.com",
            "geo_redundant_backup_enabled": false,
            "id": "/subscriptions/4dc85344-dd2e-4f4d-9219-bfd0a0f60065/resourceGroups/COMMON-FSA/providers/Microsoft.DBforPostgreSQL/servers/fsa-postgresql-server",
            "identity": [],
            "infrastructure_encryption_enabled": false,
            "location": "eastus",
            "name": "fsa-postgresql-server",
            "public_network_access_enabled": true,
            "resource_group_name": "COMMON-FSA",
            "restore_point_in_time": null,
            "sku_name": "B_Gen5_1",
            "ssl_enforcement_enabled": true,
            "ssl_minimal_tls_version_enforced": "TLS1_2",
            "storage_mb": 5120,
            "tags": null,
            "threat_detection_policy": [],
            "timeouts": null,
            "version": "11"
          },
          "sensitive_attributes": [],
          "private": "eyJlMmJmYjczMC1lY2FhLTExZTYtOGY4OC0zNDM2M2JjN2M0YzAiOnsiY3JlYXRlIjozNjAwMDAwMDAwMDAwLCJkZWxldGUiOjM2MDAwMDAwMDAwMDAsInJlYWQiOjMwMDAwMDAwMDAwMCwidXBkYXRlIjozNjAwMDAwMDAwMDAwfSwic2NoZW1hX3ZlcnNpb24iOiIxIn0=",
          "dependencies": [
            "azurerm_resource_group.argcommon"
          ]
        }
      ]
    },
    {
      "mode": "managed",
      "type": "azurerm_redis_cache",
      "name": "example",
      "provider": "provider[\"registry.terraform.io/hashicorp/azurerm\"]",
      "instances": []
    },
    {
      "mode": "managed",
      "type": "azurerm_resource_group",
      "name": "argapp",
      "provider": "provider[\"registry.terraform.io/hashicorp/azurerm\"]",
      "instances": [
        {
          "schema_version": 0,
          "attributes": {
            "id": "/subscriptions/4dc85344-dd2e-4f4d-9219-bfd0a0f60065/resourceGroups/APP-FSA",
            "location": "eastus",
            "name": "APP-FSA",
            "tags": null,
            "timeouts": null
          },
          "sensitive_attributes": [],
          "private": "eyJlMmJmYjczMC1lY2FhLTExZTYtOGY4OC0zNDM2M2JjN2M0YzAiOnsiY3JlYXRlIjo1NDAwMDAwMDAwMDAwLCJkZWxldGUiOjU0MDAwMDAwMDAwMDAsInJlYWQiOjMwMDAwMDAwMDAwMCwidXBkYXRlIjo1NDAwMDAwMDAwMDAwfX0="
        }
      ]
    },
    {
      "mode": "managed",
      "type": "azurerm_resource_group",
      "name": "argcommon",
      "provider": "provider[\"registry.terraform.io/hashicorp/azurerm\"]",
      "instances": [
        {
          "schema_version": 0,
          "attributes": {
            "id": "/subscriptions/4dc85344-dd2e-4f4d-9219-bfd0a0f60065/resourceGroups/COMMON-FSA",
            "location": "eastus",
            "name": "COMMON-FSA",
            "tags": null,
            "timeouts": null
          },
          "sensitive_attributes": [],
          "private": "eyJlMmJmYjczMC1lY2FhLTExZTYtOGY4OC0zNDM2M2JjN2M0YzAiOnsiY3JlYXRlIjo1NDAwMDAwMDAwMDAwLCJkZWxldGUiOjU0MDAwMDAwMDAwMDAsInJlYWQiOjMwMDAwMDAwMDAwMCwidXBkYXRlIjo1NDAwMDAwMDAwMDAwfX0="
        }
      ]
    },
    {
      "mode": "managed",
      "type": "azurerm_storage_account",
      "name": "asafsa",
      "provider": "provider[\"registry.terraform.io/hashicorp/azurerm\"]",
      "instances": [
        {
          "schema_version": 3,
          "attributes": {
            "access_tier": "Hot",
            "account_kind": "StorageV2",
            "account_replication_type": "LRS",
            "account_tier": "Standard",
            "allow_nested_items_to_be_public": true,
            "allowed_copy_scope": "",
            "azure_files_authentication": [],
            "blob_properties": [
              {
                "change_feed_enabled": false,
                "change_feed_retention_in_days": 0,
                "container_delete_retention_policy": [],
                "cors_rule": [],
                "default_service_version": "",
                "delete_retention_policy": [],
                "last_access_time_enabled": false,
                "restore_policy": [],
                "versioning_enabled": false
              }
            ],
            "cross_tenant_replication_enabled": true,
            "custom_domain": [],
            "customer_managed_key": [],
            "default_to_oauth_authentication": false,
            "edge_zone": "",
            "enable_https_traffic_only": true,
            "id": "/subscriptions/4dc85344-dd2e-4f4d-9219-bfd0a0f60065/resourceGroups/APP-FSA/providers/Microsoft.Storage/storageAccounts/funsocamigstorage",
            "identity": [],
            "immutability_policy": [],
            "infrastructure_encryption_enabled": false,
            "is_hns_enabled": false,
            "large_file_share_enabled": null,
            "location": "eastus",
            "min_tls_version": "TLS1_2",
            "name": "funsocamigstorage",
            "network_rules": [
              {
                "bypass": [
                  "AzureServices"
                ],
                "default_action": "Allow",
                "ip_rules": [],
                "private_link_access": [],
                "virtual_network_subnet_ids": []
              }
            ],
            "nfsv3_enabled": false,
            "primary_access_key": "xgtAO/CdXkYYq8inTEuyz6hRHMRlu4q81RVhzkx/QpXxn7aJDnDhdiV+8/NxoSIo/d4v9djbHnr3+AStkwJgvw==",
            "primary_blob_connection_string": "DefaultEndpointsProtocol=https;BlobEndpoint=https://funsocamigstorage.blob.core.windows.net/;AccountName=funsocamigstorage;AccountKey=xgtAO/CdXkYYq8inTEuyz6hRHMRlu4q81RVhzkx/QpXxn7aJDnDhdiV+8/NxoSIo/d4v9djbHnr3+AStkwJgvw==",
            "primary_blob_endpoint": "https://funsocamigstorage.blob.core.windows.net/",
            "primary_blob_host": "funsocamigstorage.blob.core.windows.net",
            "primary_connection_string": "DefaultEndpointsProtocol=https;AccountName=funsocamigstorage;AccountKey=xgtAO/CdXkYYq8inTEuyz6hRHMRlu4q81RVhzkx/QpXxn7aJDnDhdiV+8/NxoSIo/d4v9djbHnr3+AStkwJgvw==;EndpointSuffix=core.windows.net",
            "primary_dfs_endpoint": "https://funsocamigstorage.dfs.core.windows.net/",
            "primary_dfs_host": "funsocamigstorage.dfs.core.windows.net",
            "primary_file_endpoint": "https://funsocamigstorage.file.core.windows.net/",
            "primary_file_host": "funsocamigstorage.file.core.windows.net",
            "primary_location": "eastus",
            "primary_queue_endpoint": "https://funsocamigstorage.queue.core.windows.net/",
            "primary_queue_host": "funsocamigstorage.queue.core.windows.net",
            "primary_table_endpoint": "https://funsocamigstorage.table.core.windows.net/",
            "primary_table_host": "funsocamigstorage.table.core.windows.net",
            "primary_web_endpoint": "https://funsocamigstorage.z13.web.core.windows.net/",
            "primary_web_host": "funsocamigstorage.z13.web.core.windows.net",
            "public_network_access_enabled": true,
            "queue_encryption_key_type": "Service",
            "queue_properties": [
              {
                "cors_rule": [],
                "hour_metrics": [
                  {
                    "enabled": true,
                    "include_apis": true,
                    "retention_policy_days": 7,
                    "version": "1.0"
                  }
                ],
                "logging": [
                  {
                    "delete": false,
                    "read": false,
                    "retention_policy_days": 0,
                    "version": "1.0",
                    "write": false
                  }
                ],
                "minute_metrics": [
                  {
                    "enabled": false,
                    "include_apis": false,
                    "retention_policy_days": 0,
                    "version": "1.0"
                  }
                ]
              }
            ],
            "resource_group_name": "APP-FSA",
            "routing": [],
            "sas_policy": [],
            "secondary_access_key": "p46IvZNiNfLuNbgteo4J31hhx9Z5tlINHID32Tj8zT8fnSrhLFQSHVAGXK/vZCDwZ94uduhUZh+/+ASt7dL1YQ==",
            "secondary_blob_connection_string": "",
            "secondary_blob_endpoint": null,
            "secondary_blob_host": null,
            "secondary_connection_string": "DefaultEndpointsProtocol=https;AccountName=funsocamigstorage;AccountKey=p46IvZNiNfLuNbgteo4J31hhx9Z5tlINHID32Tj8zT8fnSrhLFQSHVAGXK/vZCDwZ94uduhUZh+/+ASt7dL1YQ==;EndpointSuffix=core.windows.net",
            "secondary_dfs_endpoint": null,
            "secondary_dfs_host": null,
            "secondary_file_endpoint": null,
            "secondary_file_host": null,
            "secondary_location": "",
            "secondary_queue_endpoint": null,
            "secondary_queue_host": null,
            "secondary_table_endpoint": null,
            "secondary_table_host": null,
            "secondary_web_endpoint": null,
            "secondary_web_host": null,
            "sftp_enabled": false,
            "share_properties": [
              {
                "cors_rule": [],
                "retention_policy": [
                  {
                    "days": 7
                  }
                ],
                "smb": []
              }
            ],
            "shared_access_key_enabled": true,
            "static_website": [],
            "table_encryption_key_type": "Service",
            "tags": null,
            "timeouts": null
          },
          "sensitive_attributes": [],
          "private": "eyJlMmJmYjczMC1lY2FhLTExZTYtOGY4OC0zNDM2M2JjN2M0YzAiOnsiY3JlYXRlIjozNjAwMDAwMDAwMDAwLCJkZWxldGUiOjM2MDAwMDAwMDAwMDAsInJlYWQiOjMwMDAwMDAwMDAwMCwidXBkYXRlIjozNjAwMDAwMDAwMDAwfSwic2NoZW1hX3ZlcnNpb24iOiIzIn0=",
          "dependencies": [
            "azurerm_resource_group.argapp"
          ]
        }
      ]
    },
    {
      "mode": "managed",
      "type": "azurerm_virtual_network",
      "name": "avnfsa",
      "provider": "provider[\"registry.terraform.io/hashicorp/azurerm\"]",
      "instances": [
        {
          "schema_version": 0,
          "attributes": {
            "address_space": [
              "10.0.0.0/16"
            ],
            "bgp_community": "",
            "ddos_protection_plan": [],
            "dns_servers": [],
            "edge_zone": "",
            "flow_timeout_in_minutes": 0,
            "guid": "6ab0efb2-d807-49c1-a9fc-e54079b83dfe",
            "id": "/subscriptions/4dc85344-dd2e-4f4d-9219-bfd0a0f60065/resourceGroups/COMMON-FSA/providers/Microsoft.Network/virtualNetworks/fsa-vnet",
            "location": "eastus",
            "name": "fsa-vnet",
            "resource_group_name": "COMMON-FSA",
            "subnet": [
              {
                "address_prefix": "10.0.1.0/24",
                "id": "/subscriptions/4dc85344-dd2e-4f4d-9219-bfd0a0f60065/resourceGroups/COMMON-FSA/providers/Microsoft.Network/virtualNetworks/fsa-vnet/subnets/subnet-fsa",
                "name": "subnet-fsa",
                "security_group": ""
              }
            ],
            "tags": null,
            "timeouts": null
          },
          "sensitive_attributes": [],
          "private": "eyJlMmJmYjczMC1lY2FhLTExZTYtOGY4OC0zNDM2M2JjN2M0YzAiOnsiY3JlYXRlIjoxODAwMDAwMDAwMDAwLCJkZWxldGUiOjE4MDAwMDAwMDAwMDAsInJlYWQiOjMwMDAwMDAwMDAwMCwidXBkYXRlIjoxODAwMDAwMDAwMDAwfX0=",
          "dependencies": [
            "azurerm_resource_group.argcommon"
          ]
        }
      ]
    },
    {
      "mode": "managed",
      "type": "local_file",
      "name": "kubeconfig",
      "provider": "provider[\"registry.terraform.io/hashicorp/local\"]",
      "instances": []
    }
  ],
  "check_results": null
}
